
Microsoft Visual Studio Solution File, Format Version 12.00
# Visual Studio Version 17
VisualStudioVersion = 17.0.31903.59
MinimumVisualStudioVersion = 10.0.40219.1
Project("{9A19103F-16F7-4668-BE54-9A1E7A4F7556}") = "SinemaSite", "SinemaSite.csproj", "{77E6C425-6C77-470D-B1C9-6C15A8252E67}"
EndProject
Global
	GlobalSection(SolutionConfigurationPlatforms) = preSolution
		Debug|Any CPU = Debug|Any CPU
		Release|Any CPU = Release|Any CPU
	EndGlobalSection
	GlobalSection(ProjectConfigurationPlatforms) = postSolution
		{77E6C425-6C77-470D-B1C9-6C15A8252E67}.Debug|Any CPU.ActiveCfg = Debug|Any CPU
		{77E6C425-6C77-470D-B1C9-6C15A8252E67}.Debug|Any CPU.Build.0 = Debug|Any CPU
		{77E6C425-6C77-470D-B1C9-6C15A8252E67}.Release|Any CPU.ActiveCfg = Release|Any CPU
		{77E6C425-6C77-470D-B1C9-6C15A8252E67}.Release|Any CPU.Build.0 = Release|Any CPU
	EndGlobalSection
	GlobalSection(SolutionProperties) = preSolution
		HideSolutionNode = FALSE
	EndGlobalSection
	GlobalSection(ExtensibilityGlobals) = postSolution
		SolutionGuid = {5C1E89B3-0359-4872-A416-1B2F217407AB}
	EndGlobalSection
EndGlobal
